// !$*UTF8*$!
{
	archiveVersion = 1;
	classes = {
	};
	objectVersion = 50;
	objects = {

/* Begin PBXBuildFile section */
		D759ADA4256D9BA000A861D7 /* AppDelegate.swift in Sources */ = {isa = PBXBuildFile; fileRef = D759ADA3256D9BA000A861D7 /* AppDelegate.swift */; };
		D759ADA6256D9BA000A861D7 /* SceneDelegate.swift in Sources */ = {isa = PBXBuildFile; fileRef = D759ADA5256D9BA000A861D7 /* SceneDelegate.swift */; };
		D759ADA8256D9BA000A861D7 /* MainVC.swift in Sources */ = {isa = PBXBuildFile; fileRef = D759ADA7256D9BA000A861D7 /* MainVC.swift */; };
		D759ADAB256D9BA000A861D7 /* Main.storyboard in Resources */ = {isa = PBXBuildFile; fileRef = D759ADA9256D9BA000A861D7 /* Main.storyboard */; };
		D759ADAE256D9BA000A861D7 /* DreamLister.xcdatamodeld in Sources */ = {isa = PBXBuildFile; fileRef = D759ADAC256D9BA000A861D7 /* DreamLister.xcdatamodeld */; };
		D759ADB0256D9BA100A861D7 /* Assets.xcassets in Resources */ = {isa = PBXBuildFile; fileRef = D759ADAF256D9BA100A861D7 /* Assets.xcassets */; };
		D759ADB3256D9BA100A861D7 /* LaunchScreen.storyboard in Resources */ = {isa = PBXBuildFile; fileRef = D759ADB1256D9BA100A861D7 /* LaunchScreen.storyboard */; };
		D759ADC6256DA16A00A861D7 /* ItemType+CoreDataClass.swift in Sources */ = {isa = PBXBuildFile; fileRef = D759ADBE256DA16A00A861D7 /* ItemType+CoreDataClass.swift */; };
		D759ADC7256DA16A00A861D7 /* ItemType+CoreDataProperties.swift in Sources */ = {isa = PBXBuildFile; fileRef = D759ADBF256DA16A00A861D7 /* ItemType+CoreDataProperties.swift */; };
		D759ADC8256DA16A00A861D7 /* Image+CoreDataClass.swift in Sources */ = {isa = PBXBuildFile; fileRef = D759ADC0256DA16A00A861D7 /* Image+CoreDataClass.swift */; };
		D759ADC9256DA16A00A861D7 /* Image+CoreDataProperties.swift in Sources */ = {isa = PBXBuildFile; fileRef = D759ADC1256DA16A00A861D7 /* Image+CoreDataProperties.swift */; };
		D759ADCA256DA16A00A861D7 /* Store+CoreDataClass.swift in Sources */ = {isa = PBXBuildFile; fileRef = D759ADC2256DA16A00A861D7 /* Store+CoreDataClass.swift */; };
		D759ADCB256DA16A00A861D7 /* Store+CoreDataProperties.swift in Sources */ = {isa = PBXBuildFile; fileRef = D759ADC3256DA16A00A861D7 /* Store+CoreDataProperties.swift */; };
		D759ADCC256DA16A00A861D7 /* Item+CoreDataClass.swift in Sources */ = {isa = PBXBuildFile; fileRef = D759ADC4256DA16A00A861D7 /* Item+CoreDataClass.swift */; };
		D759ADCD256DA16A00A861D7 /* Item+CoreDataProperties.swift in Sources */ = {isa = PBXBuildFile; fileRef = D759ADC5256DA16A00A861D7 /* Item+CoreDataProperties.swift */; };
		D759ADD3256DAA8800A861D7 /* MaterialView.swift in Sources */ = {isa = PBXBuildFile; fileRef = D759ADD2256DAA8800A861D7 /* MaterialView.swift */; };
/* End PBXBuildFile section */

/* Begin PBXFileReference section */
		D759ADA0256D9BA000A861D7 /* DreamLister.app */ = {isa = PBXFileReference; explicitFileType = wrapper.application; includeInIndex = 0; path = DreamLister.app; sourceTree = BUILT_PRODUCTS_DIR; };
		D759ADA3256D9BA000A861D7 /* AppDelegate.swift */ = {isa = PBXFileReference; lastKnownFileType = sourcecode.swift; path = AppDelegate.swift; sourceTree = "<group>"; };
		D759ADA5256D9BA000A861D7 /* SceneDelegate.swift */ = {isa = PBXFileReference; lastKnownFileType = sourcecode.swift; path = SceneDelegate.swift; sourceTree = "<group>"; };
		D759ADA7256D9BA000A861D7 /* MainVC.swift */ = {isa = PBXFileReference; lastKnownFileType = sourcecode.swift; path = MainVC.swift; sourceTree = "<group>"; };
		D759ADAA256D9BA000A861D7 /* Base */ = {isa = PBXFileReference; lastKnownFileType = file.storyboard; name = Base; path = Base.lproj/Main.storyboard; sourceTree = "<group>"; };
		D759ADAD256D9BA000A861D7 /* DreamLister.xcdatamodel */ = {isa = PBXFileReference; lastKnownFileType = wrapper.xcdatamodel; path = DreamLister.xcdatamodel; sourceTree = "<group>"; };
		D759ADAF256D9BA100A861D7 /* Assets.xcassets */ = {isa = PBXFileReference; lastKnownFileType = folder.assetcatalog; path = Assets.xcassets; sourceTree = "<group>"; };
		D759ADB2256D9BA100A861D7 /* Base */ = {isa = PBXFileReference; lastKnownFileType = file.storyboard; name = Base; path = Base.lproj/LaunchScreen.storyboard; sourceTree = "<group>"; };
		D759ADB4256D9BA100A861D7 /* Info.plist */ = {isa = PBXFileReference; lastKnownFileType = text.plist.xml; path = Info.plist; sourceTree = "<group>"; };
		D759ADBE256DA16A00A861D7 /* ItemType+CoreDataClass.swift */ = {isa = PBXFileReference; lastKnownFileType = sourcecode.swift; path = "ItemType+CoreDataClass.swift"; sourceTree = "<group>"; };
		D759ADBF256DA16A00A861D7 /* ItemType+CoreDataProperties.swift */ = {isa = PBXFileReference; lastKnownFileType = sourcecode.swift; path = "ItemType+CoreDataProperties.swift"; sourceTree = "<group>"; };
		D759ADC0256DA16A00A861D7 /* Image+CoreDataClass.swift */ = {isa = PBXFileReference; lastKnownFileType = sourcecode.swift; path = "Image+CoreDataClass.swift"; sourceTree = "<group>"; };
		D759ADC1256DA16A00A861D7 /* Image+CoreDataProperties.swift */ = {isa = PBXFileReference; lastKnownFileType = sourcecode.swift; path = "Image+CoreDataProperties.swift"; sourceTree = "<group>"; };
		D759ADC2256DA16A00A861D7 /* Store+CoreDataClass.swift */ = {isa = PBXFileReference; lastKnownFileType = sourcecode.swift; path = "Store+CoreDataClass.swift"; sourceTree = "<group>"; };
		D759ADC3256DA16A00A861D7 /* Store+CoreDataProperties.swift */ = {isa = PBXFileReference; lastKnownFileType = sourcecode.swift; path = "Store+CoreDataProperties.swift"; sourceTree = "<group>"; };
		D759ADC4256DA16A00A861D7 /* Item+CoreDataClass.swift */ = {isa = PBXFileReference; lastKnownFileType = sourcecode.swift; path = "Item+CoreDataClass.swift"; sourceTree = "<group>"; };
		D759ADC5256DA16A00A861D7 /* Item+CoreDataProperties.swift */ = {isa = PBXFileReference; lastKnownFileType = sourcecode.swift; path = "Item+CoreDataProperties.swift"; sourceTree = "<group>"; };
		D759ADD2256DAA8800A861D7 /* MaterialView.swift */ = {isa = PBXFileReference; lastKnownFileType = sourcecode.swift; path = MaterialView.swift; sourceTree = "<group>"; };
/* End PBXFileReference section */

/* Begin PBXFrameworksBuildPhase section */
		D759AD9D256D9BA000A861D7 /* Frameworks */ = {
			isa = PBXFrameworksBuildPhase;
			buildActionMask = 2147483647;
			files = (
			);
			runOnlyForDeploymentPostprocessing = 0;
		};
/* End PBXFrameworksBuildPhase section */

/* Begin PBXGroup section */
		D759AD97256D9BA000A861D7 = {
			isa = PBXGroup;
			children = (
				D759ADBE256DA16A00A861D7 /* ItemType+CoreDataClass.swift */,
				D759ADC0256DA16A00A861D7 /* Image+CoreDataClass.swift */,
				D759ADC2256DA16A00A861D7 /* Store+CoreDataClass.swift */,
				D759ADC4256DA16A00A861D7 /* Item+CoreDataClass.swift */,
				D759ADA2256D9BA000A861D7 /* DreamLister */,
				D759ADA1256D9BA000A861D7 /* Products */,
			);
			sourceTree = "<group>";
		};
		D759ADA1256D9BA000A861D7 /* Products */ = {
			isa = PBXGroup;
			children = (
				D759ADA0256D9BA000A861D7 /* DreamLister.app */,
			);
			name = Products;
			sourceTree = "<group>";
		};
		D759ADA2256D9BA000A861D7 /* DreamLister */ = {
			isa = PBXGroup;
			children = (
				D759ADA3256D9BA000A861D7 /* AppDelegate.swift */,
				D759ADBD256DA0AE00A861D7 /* Model */,
				D759ADBC256DA0A800A861D7 /* View */,
				D759ADBB256DA09B00A861D7 /* Controller */,
				D759ADA5256D9BA000A861D7 /* SceneDelegate.swift */,
				D759ADAF256D9BA100A861D7 /* Assets.xcassets */,
				D759ADB1256D9BA100A861D7 /* LaunchScreen.storyboard */,
				D759ADB4256D9BA100A861D7 /* Info.plist */,
				D759ADAC256D9BA000A861D7 /* DreamLister.xcdatamodeld */,
			);
			path = DreamLister;
			sourceTree = "<group>";
		};
		D759ADBB256DA09B00A861D7 /* Controller */ = {
			isa = PBXGroup;
			children = (
				D759ADA7256D9BA000A861D7 /* MainVC.swift */,
			);
			path = Controller;
			sourceTree = "<group>";
		};
		D759ADBC256DA0A800A861D7 /* View */ = {
			isa = PBXGroup;
			children = (
				D759ADA9256D9BA000A861D7 /* Main.storyboard */,
				D759ADD2256DAA8800A861D7 /* MaterialView.swift */,
			);
			path = View;
			sourceTree = "<group>";
		};
		D759ADBD256DA0AE00A861D7 /* Model */ = {
			isa = PBXGroup;
			children = (
				D759ADC3256DA16A00A861D7 /* Store+CoreDataProperties.swift */,
				D759ADBF256DA16A00A861D7 /* ItemType+CoreDataProperties.swift */,
				D759ADC5256DA16A00A861D7 /* Item+CoreDataProperties.swift */,
				D759ADC1256DA16A00A861D7 /* Image+CoreDataProperties.swift */,
			);
			path = Model;
			sourceTree = "<group>";
		};
/* End PBXGroup section */

/* Begin PBXNativeTarget section */
		D759AD9F256D9BA000A861D7 /* DreamLister */ = {
			isa = PBXNativeTarget;
			buildConfigurationList = D759ADB7256D9BA100A861D7 /* Build configuration list for PBXNativeTarget "DreamLister" */;
			buildPhases = (
				D759AD9C256D9BA000A861D7 /* Sources */,
				D759AD9D256D9BA000A861D7 /* Frameworks */,
				D759AD9E256D9BA000A861D7 /* Resources */,
			);
			buildRules = (
			);
			dependencies = (
			);
			name = DreamLister;
			productName = DreamLister;
			productReference = D759ADA0256D9BA000A861D7 /* DreamLister.app */;
			productType = "com.apple.product-type.application";
		};
/* End PBXNativeTarget section */

/* Begin PBXProject section */
		D759AD98256D9BA000A861D7 /* Project object */ = {
			isa = PBXProject;
			attributes = {
				LastSwiftUpdateCheck = 1220;
				LastUpgradeCheck = 1220;
				TargetAttributes = {
					D759AD9F256D9BA000A861D7 = {
						CreatedOnToolsVersion = 12.2;
					};
				};
			};
			buildConfigurationList = D759AD9B256D9BA000A861D7 /* Build configuration list for PBXProject "DreamLister" */;
			compatibilityVersion = "Xcode 9.3";
			developmentRegion = en;
			hasScannedForEncodings = 0;
			knownRegions = (
				en,
				Base,
			);
			mainGroup = D759AD97256D9BA000A861D7;
			productRefGroup = D759ADA1256D9BA000A861D7 /* Products */;
			projectDirPath = "";
			projectRoot = "";
			targets = (
				D759AD9F256D9BA000A861D7 /* DreamLister */,
			);
		};
/* End PBXProject section */

/* Begin PBXResourcesBuildPhase section */
		D759AD9E256D9BA000A861D7 /* Resources */ = {
			isa = PBXResourcesBuildPhase;
			buildActionMask = 2147483647;
			files = (
				D759ADB3256D9BA100A861D7 /* LaunchScreen.storyboard in Resources */,
				D759ADB0256D9BA100A861D7 /* Assets.xcassets in Resources */,
				D759ADAB256D9BA000A861D7 /* Main.storyboard in Resources */,
			);
			runOnlyForDeploymentPostprocessing = 0;
		};
/* End PBXResourcesBuildPhase section */

/* Begin PBXSourcesBuildPhase section */
		D759AD9C256D9BA000A861D7 /* Sources */ = {
			isa = PBXSourcesBuildPhase;
			buildActionMask = 2147483647;
			files = (
				D759ADAE256D9BA000A861D7 /* DreamLister.xcdatamodeld in Sources */,
				D759ADA8256D9BA000A861D7 /* MainVC.swift in Sources */,
				D759ADC8256DA16A00A861D7 /* Image+CoreDataClass.swift in Sources */,
				D759ADD3256DAA8800A861D7 /* MaterialView.swift in Sources */,
				D759ADC7256DA16A00A861D7 /* ItemType+CoreDataProperties.swift in Sources */,
				D759ADCA256DA16A00A861D7 /* Store+CoreDataClass.swift in Sources */,
				D759ADCC256DA16A00A861D7 /* Item+CoreDataClass.swift in Sources */,
				D759ADCD256DA16A00A861D7 /* Item+CoreDataProperties.swift in Sources */,
				D759ADCB256DA16A00A861D7 /* Store+CoreDataProperties.swift in Sources */,
				D759ADC6256DA16A00A861D7 /* ItemType+CoreDataClass.swift in Sources */,
				D759ADA4256D9BA000A861D7 /* AppDelegate.swift in Sources */,
				D759ADA6256D9BA000A861D7 /* SceneDelegate.swift in Sources */,
				D759ADC9256DA16A00A861D7 /* Image+CoreDataProperties.swift in Sources */,
			);
			runOnlyForDeploymentPostprocessing = 0;
		};
/* End PBXSourcesBuildPhase section */

/* Begin PBXVariantGroup section */
		D759ADA9256D9BA000A861D7 /* Main.storyboard */ = {
			isa = PBXVariantGroup;
			children = (
				D759ADAA256D9BA000A861D7 /* Base */,
			);
			name = Main.storyboard;
			sourceTree = "<group>";
		};
		D759ADB1256D9BA100A861D7 /* LaunchScreen.storyboard */ = {
			isa = PBXVariantGroup;
			children = (
				D759ADB2256D9BA100A861D7 /* Base */,
			);
			name = LaunchScreen.storyboard;
			sourceTree = "<group>";
		};
/* End PBXVariantGroup section */

/* Begin XCBuildConfiguration section */
		D759ADB5256D9BA100A861D7 /* Debug */ = {
			isa = XCBuildConfiguration;
			buildSettings = {
				ALWAYS_SEARCH_USER_PATHS = NO;
				CLANG_ANALYZER_NONNULL = YES;
				CLANG_ANALYZER_NUMBER_OBJECT_CONVERSION = YES_AGGRESSIVE;
				CLANG_CXX_LANGUAGE_STANDARD = "gnu++14";
				CLANG_CXX_LIBRARY = "libc++";
				CLANG_ENABLE_MODULES = YES;
				CLANG_ENABLE_OBJC_ARC = YES;
				CLANG_ENABLE_OBJC_WEAK = YES;
				CLANG_WARN_BLOCK_CAPTURE_AUTORELEASING = YES;
				CLANG_WARN_BOOL_CONVERSION = YES;
				CLANG_WARN_COMMA = YES;
				CLANG_WARN_CONSTANT_CONVERSION = YES;
				CLANG_WARN_DEPRECATED_OBJC_IMPLEMENTATIONS = YES;
				CLANG_WARN_DIRECT_OBJC_ISA_USAGE = YES_ERROR;
				CLANG_WARN_DOCUMENTATION_COMMENTS = YES;
				CLANG_WARN_EMPTY_BODY = YES;
				CLANG_WARN_ENUM_CONVERSION = YES;
				CLANG_WARN_INFINITE_RECURSION = YES;
				CLANG_WARN_INT_CONVERSION = YES;
				CLANG_WARN_NON_LITERAL_NULL_CONVERSION = YES;
				CLANG_WARN_OBJC_IMPLICIT_RETAIN_SELF = YES;
				CLANG_WARN_OBJC_LITERAL_CONVERSION = YES;
				CLANG_WARN_OBJC_ROOT_CLASS = YES_ERROR;
				CLANG_WARN_QUOTED_INCLUDE_IN_FRAMEWORK_HEADER = YES;
				CLANG_WARN_RANGE_LOOP_ANALYSIS = YES;
				CLANG_WARN_STRICT_PROTOTYPES = YES;
				CLANG_WARN_SUSPICIOUS_MOVE = YES;
				CLANG_WARN_UNGUARDED_AVAILABILITY = YES_AGGRESSIVE;
				CLANG_WARN_UNREACHABLE_CODE = YES;
				CLANG_WARN__DUPLICATE_METHOD_MATCH = YES;
				COPY_PHASE_STRIP = NO;
				DEBUG_INFORMATION_FORMAT = dwarf;
				ENABLE_STRICT_OBJC_MSGSEND = YES;
				ENABLE_TESTABILITY = YES;
				GCC_C_LANGUAGE_STANDARD = gnu11;
				GCC_DYNAMIC_NO_PIC = NO;
				GCC_NO_COMMON_BLOCKS = YES;
				GCC_OPTIMIZATION_LEVEL = 0;
				GCC_PREPROCESSOR_DEFINITIONS = (
					"DEBUG=1",
					"$(inherited)",
				);
				GCC_WARN_64_TO_32_BIT_CONVERSION = YES;
				GCC_WARN_ABOUT_RETURN_TYPE = YES_ERROR;
				GCC_WARN_UNDECLARED_SELECTOR = YES;
				GCC_WARN_UNINITIALIZED_AUTOS = YES_AGGRESSIVE;
				GCC_WARN_UNUSED_FUNCTION = YES;
				GCC_WARN_UNUSED_VARIABLE = YES;
				IPHONEOS_DEPLOYMENT_TARGET = 14.2;
				MTL_ENABLE_DEBUG_INFO = INCLUDE_SOURCE;
				MTL_FAST_MATH = YES;
				ONLY_ACTIVE_ARCH = YES;
				SDKROOT = iphoneos;
				SWIFT_ACTIVE_COMPILATION_CONDITIONS = DEBUG;
				SWIFT_OPTIMIZATION_LEVEL = "-Onone";
			};
			name = Debug;
		};
		D759ADB6256D9BA100A861D7 /* Release */ = {
			isa = XCBuildConfiguration;
			buildSettings = {
				ALWAYS_SEARCH_USER_PATHS = NO;
				CLANG_ANALYZER_NONNULL = YES;
				CLANG_ANALYZER_NUMBER_OBJECT_CONVERSION = YES_AGGRESSIVE;
				CLANG_CXX_LANGUAGE_STANDARD = "gnu++14";
				CLANG_CXX_LIBRARY = "libc++";
				CLANG_ENABLE_MODULES = YES;
				CLANG_ENABLE_OBJC_ARC = YES;
				CLANG_ENABLE_OBJC_WEAK = YES;
				CLANG_WARN_BLOCK_CAPTURE_AUTORELEASING = YES;
				CLANG_WARN_BOOL_CONVERSION = YES;
				CLANG_WARN_COMMA = YES;
				CLANG_WARN_CONSTANT_CONVERSION = YES;
				CLANG_WARN_DEPRECATED_OBJC_IMPLEMENTATIONS = YES;
				CLANG_WARN_DIRECT_OBJC_ISA_USAGE = YES_ERROR;
				CLANG_WARN_DOCUMENTATION_COMMENTS = YES;
				CLANG_WARN_EMPTY_BODY = YES;
				CLANG_WARN_ENUM_CONVERSION = YES;
				CLANG_WARN_INFINITE_RECURSION = YES;
				CLANG_WARN_INT_CONVERSION = YES;
				CLANG_WARN_NON_LITERAL_NULL_CONVERSION = YES;
				CLANG_WARN_OBJC_IMPLICIT_RETAIN_SELF = YES;
				CLANG_WARN_OBJC_LITERAL_CONVERSION = YES;
				CLANG_WARN_OBJC_ROOT_CLASS = YES_ERROR;
				CLANG_WARN_QUOTED_INCLUDE_IN_FRAMEWORK_HEADER = YES;
				CLANG_WARN_RANGE_LOOP_ANALYSIS = YES;
				CLANG_WARN_STRICT_PROTOTYPES = YES;
				CLANG_WARN_SUSPICIOUS_MOVE = YES;
				CLANG_WARN_UNGUARDED_AVAILABILITY = YES_AGGRESSIVE;
				CLANG_WARN_UNREACHABLE_CODE = YES;
				CLANG_WARN__DUPLICATE_METHOD_MATCH = YES;
				COPY_PHASE_STRIP = NO;
				DEBUG_INFORMATION_FORMAT = "dwarf-with-dsym";
				ENABLE_NS_ASSERTIONS = NO;
				ENABLE_STRICT_OBJC_MSGSEND = YES;
				GCC_C_LANGUAGE_STANDARD = gnu11;
				GCC_NO_COMMON_BLOCKS = YES;
				GCC_WARN_64_TO_32_BIT_CONVERSION = YES;
				GCC_WARN_ABOUT_RETURN_TYPE = YES_ERROR;
				GCC_WARN_UNDECLARED_SELECTOR = YES;
				GCC_WARN_UNINITIALIZED_AUTOS = YES_AGGRESSIVE;
				GCC_WARN_UNUSED_FUNCTION = YES;
				GCC_WARN_UNUSED_VARIABLE = YES;
				IPHONEOS_DEPLOYMENT_TARGET = 14.2;
				MTL_ENABLE_DEBUG_INFO = NO;
				MTL_FAST_MATH = YES;
				SDKROOT = iphoneos;
				SWIFT_COMPILATION_MODE = wholemodule;
				SWIFT_OPTIMIZATION_LEVEL = "-O";
				VALIDATE_PRODUCT = YES;
			};
			name = Release;
		};
		D759ADB8256D9BA100A861D7 /* Debug */ = {
			isa = XCBuildConfiguration;
			buildSettings = {
				ASSETCATALOG_COMPILER_APPICON_NAME = AppIcon;
				ASSETCATALOG_COMPILER_GLOBAL_ACCENT_COLOR_NAME = AccentColor;
				CODE_SIGN_STYLE = Automatic;
				DEVELOPMENT_TEAM = 5G8Y79X7ML;
				INFOPLIST_FILE = DreamLister/Info.plist;
				LD_RUNPATH_SEARCH_PATHS = (
					"$(inherited)",
					"@executable_path/Frameworks",
				);
				PRODUCT_BUNDLE_IDENTIFIER = com.desireejallow.DreamLister;
				PRODUCT_NAME = "$(TARGET_NAME)";
				SWIFT_VERSION = 5.0;
				TARGETED_DEVICE_FAMILY = "1,2";
			};
			name = Debug;
		};
		D759ADB9256D9BA100A861D7 /* Release */ = {
			isa = XCBuildConfiguration;
			buildSettings = {
				ASSETCATALOG_COMPILER_APPICON_NAME = AppIcon;
				ASSETCATALOG_COMPILER_GLOBAL_ACCENT_COLOR_NAME = AccentColor;
				CODE_SIGN_STYLE = Automatic;
				DEVELOPMENT_TEAM = 5G8Y79X7ML;
				INFOPLIST_FILE = DreamLister/Info.plist;
				LD_RUNPATH_SEARCH_PATHS = (
					"$(inherited)",
					"@executable_path/Frameworks",
				);
				PRODUCT_BUNDLE_IDENTIFIER = com.desireejallow.DreamLister;
				PRODUCT_NAME = "$(TARGET_NAME)";
				SWIFT_VERSION = 5.0;
				TARGETED_DEVICE_FAMILY = "1,2";
			};
			name = Release;
		};
/* End XCBuildConfiguration section */

/* Begin XCConfigurationList section */
		D759AD9B256D9BA000A861D7 /* Build configuration list for PBXProject "DreamLister" */ = {
			isa = XCConfigurationList;
			buildConfigurations = (
				D759ADB5256D9BA100A861D7 /* Debug */,
				D759ADB6256D9BA100A861D7 /* Release */,
			);
			defaultConfigurationIsVisible = 0;
			defaultConfigurationName = Release;
		};
		D759ADB7256D9BA100A861D7 /* Build configuration list for PBXNativeTarget "DreamLister" */ = {
			isa = XCConfigurationList;
			buildConfigurations = (
				D759ADB8256D9BA100A861D7 /* Debug */,
				D759ADB9256D9BA100A861D7 /* Release */,
			);
			defaultConfigurationIsVisible = 0;
			defaultConfigurationName = Release;
		};
/* End XCConfigurationList section */

/* Begin XCVersionGroup section */
		D759ADAC256D9BA000A861D7 /* DreamLister.xcdatamodeld */ = {
			isa = XCVersionGroup;
			children = (
				D759ADAD256D9BA000A861D7 /* DreamLister.xcdatamodel */,
			);
			currentVersion = D759ADAD256D9BA000A861D7 /* DreamLister.xcdatamodel */;
			path = DreamLister.xcdatamodeld;
			sourceTree = "<group>";
			versionGroupType = wrapper.xcdatamodel;
		};
/* End XCVersionGroup section */
	};
	rootObject = D759AD98256D9BA000A861D7 /* Project object */;
}
